
Microsoft Visual Studio Solution File, Format Version 12.00
# Visual Studio Version 17
VisualStudioVersion = 17.11.35303.130
MinimumVisualStudioVersion = 10.0.40219.1
Project("{FAE04EC0-301F-11D3-BF4B-00C04F79EFBC}") = "Participation_Classes_Structs_OOP_code", "Participation_Classes_Structs_OOP_code\Participation_Classes_Structs_OOP_code.csproj", "{7810BD29-A8ED-4CA7-A42B-5DA5A8344FD8}"
EndProject
Global
	GlobalSection(SolutionConfigurationPlatforms) = preSolution
		Debug|Any CPU = Debug|Any CPU
		Release|Any CPU = Release|Any CPU
	EndGlobalSection
	GlobalSection(ProjectConfigurationPlatforms) = postSolution
		{7810BD29-A8ED-4CA7-A42B-5DA5A8344FD8}.Debug|Any CPU.ActiveCfg = Debug|Any CPU
		{7810BD29-A8ED-4CA7-A42B-5DA5A8344FD8}.Debug|Any CPU.Build.0 = Debug|Any CPU
		{7810BD29-A8ED-4CA7-A42B-5DA5A8344FD8}.Release|Any CPU.ActiveCfg = Release|Any CPU
		{7810BD29-A8ED-4CA7-A42B-5DA5A8344FD8}.Release|Any CPU.Build.0 = Release|Any CPU
	EndGlobalSection
	GlobalSection(SolutionProperties) = preSolution
		HideSolutionNode = FALSE
	EndGlobalSection
	GlobalSection(ExtensibilityGlobals) = postSolution
		SolutionGuid = {947D5124-BBDD-4373-9EA0-417CC9BE2364}
	EndGlobalSection
EndGlobal
